dependencies:
  espressif/button:
    component_hash: 86d2d2be3b51a2ad78277b0967b3631b38ef61d0fa288ba5dbf4ad9a6ca2e3e1
    source:
      service_url: https://api.components.espressif.com/
      type: service
    version: 3.0.1
  espressif/cbor:
    component_hash: 440f4ee4504841cc9b4f3a8ef755776a612ac9dace355514c68b999868f990ff
    source:
      service_url: https://api.components.espressif.com/
      type: service
    version: 0.6.0~1
  espressif/cmake_utilities:
    component_hash: 9941c11223bbe015b5fe4b85ba6666b8ffde62008ec3512af91d90c482eb71d8
    source:
      service_url: https://api.components.espressif.com/
      type: service
    version: 0.5.1
  espressif/esp32-camera:
    component_hash: bf6c6f29710c79228988cf91c18a31b40178f42086b39a3157a4d15df201978b
    source:
      service_url: https://api.components.espressif.com/
      type: service
    version: 2.0.3
  espressif/libsodium:
    component_hash: 36e9832f40c909c0a9135a3e775fcbdd7a2a13d47a1c052ee5b21499eb3eddb5
    source:
      service_url: https://api.components.espressif.com/
      type: service
    version: 1.0.20
  espressif/nghttp:
    component_hash: 713c26854e433e1c70ba8ee6d361220394457cccb0765d8172302e5d660bdc58
    source:
      service_url: https://api.components.espressif.com/
      type: service
    version: 1.52.0
  idf:
    component_hash: null
    source:
      type: idf
    version: 5.1.1
manifest_hash: f4606f23871a271c42355be78388c036e7f2456da92188db2c20dcdae00f1e55
target: esp32
version: 1.0.0
